
Microsoft Visual Studio Solution File, Format Version 12.00
# Visual Studio Version 17
VisualStudioVersion = 17.2.32630.192
MinimumVisualStudioVersion = 10.0.40219.1
Project("{9A19103F-16F7-4668-BE54-9A1E7A4F7556}") = "AuthorizationService.API", "AuthorizationService\AuthorizationService.API.csproj", "{C192B04A-A061-4749-B475-EBD47C0C40C1}"
EndProject
Project("{9A19103F-16F7-4668-BE54-9A1E7A4F7556}") = "AuthorizationService.DAL", "AuthorizationService.DAL\AuthorizationService.DAL.csproj", "{764CAEF3-03F5-495B-852B-11F0D71B42F2}"
EndProject
Project("{FAE04EC0-301F-11D3-BF4B-00C04F79EFBC}") = "AuthorizationService.ApplicationLogic", "AuthorizationService.ApplicationLogic\AuthorizationService.ApplicationLogic.csproj", "{89BD0157-4E25-43B1-AD34-5F7BF436B1E1}"
EndProject
Global
	GlobalSection(SolutionConfigurationPlatforms) = preSolution
		Debug|Any CPU = Debug|Any CPU
		Release|Any CPU = Release|Any CPU
	EndGlobalSection
	GlobalSection(ProjectConfigurationPlatforms) = postSolution
		{C192B04A-A061-4749-B475-EBD47C0C40C1}.Debug|Any CPU.ActiveCfg = Debug|Any CPU
		{C192B04A-A061-4749-B475-EBD47C0C40C1}.Debug|Any CPU.Build.0 = Debug|Any CPU
		{C192B04A-A061-4749-B475-EBD47C0C40C1}.Release|Any CPU.ActiveCfg = Release|Any CPU
		{C192B04A-A061-4749-B475-EBD47C0C40C1}.Release|Any CPU.Build.0 = Release|Any CPU
		{764CAEF3-03F5-495B-852B-11F0D71B42F2}.Debug|Any CPU.ActiveCfg = Debug|Any CPU
		{764CAEF3-03F5-495B-852B-11F0D71B42F2}.Debug|Any CPU.Build.0 = Debug|Any CPU
		{764CAEF3-03F5-495B-852B-11F0D71B42F2}.Release|Any CPU.ActiveCfg = Release|Any CPU
		{764CAEF3-03F5-495B-852B-11F0D71B42F2}.Release|Any CPU.Build.0 = Release|Any CPU
		{89BD0157-4E25-43B1-AD34-5F7BF436B1E1}.Debug|Any CPU.ActiveCfg = Debug|Any CPU
		{89BD0157-4E25-43B1-AD34-5F7BF436B1E1}.Debug|Any CPU.Build.0 = Debug|Any CPU
		{89BD0157-4E25-43B1-AD34-5F7BF436B1E1}.Release|Any CPU.ActiveCfg = Release|Any CPU
		{89BD0157-4E25-43B1-AD34-5F7BF436B1E1}.Release|Any CPU.Build.0 = Release|Any CPU
	EndGlobalSection
	GlobalSection(SolutionProperties) = preSolution
		HideSolutionNode = FALSE
	EndGlobalSection
	GlobalSection(ExtensibilityGlobals) = postSolution
		SolutionGuid = {252BD6CA-BFB2-4176-8D20-96C7B70F06AA}
	EndGlobalSection
EndGlobal
